// !$*UTF8*$!
{
	archiveVersion = 1;
	classes = {
	};
	objectVersion = 77;
	objects = {

/* Begin PBXContainerItemProxy section */
		888DB3EF2F65CE550061AFE3 /* PBXContainerItemProxy */ = {
			isa = PBXContainerItemProxy;
			containerPortal = 888DB3D72F65CE540061AFE3 /* Project object */;
			proxyType = 1;
			remoteGlobalIDString = 888DB3DE2F65CE540061AFE3;
			remoteInfo = VoiceSplitr;
		};
		888DB3F92F65CE550061AFE3 /* PBXContainerItemProxy */ = {
			isa = PBXContainerItemProxy;
			containerPortal = 888DB3D72F65CE540061AFE3 /* Project object */;
			proxyType = 1;
			remoteGlobalIDString = 888DB3DE2F65CE540061AFE3;
			remoteInfo = VoiceSplitr;
		};
/* End PBXContainerItemProxy section */

/* Begin PBXFileReference section */
		888DB3DF2F65CE540061AFE3 /* VoiceSplitr.app */ = {isa = PBXFileReference; explicitFileType = wrapper.application; includeInIndex = 0; path = VoiceSplitr.app; sourceTree = BUILT_PRODUCTS_DIR; };
		888DB3EE2F65CE550061AFE3 /* VoiceSplitrTests.xctest */ = {isa = PBXFileReference; explicitFileType = wrapper.cfbundle; includeInIndex = 0; path = VoiceSplitrTests.xctest; sourceTree = BUILT_PRODUCTS_DIR; };
		888DB3F82F65CE550061AFE3 /* VoiceSplitrUITests.xctest */ = {isa = PBXFileReference; explicitFileType = wrapper.cfbundle; includeInIndex = 0; path = VoiceSplitrUITests.xctest; sourceTree = BUILT_PRODUCTS_DIR; };
/* End PBXFileReference section */

/* Begin PBXFileSystemSynchronizedBuildFileExceptionSet section */
		888DB4402F65D3F70061AFE3 /* Exceptions for "VoiceSplitr" folder in "VoiceSplitr" target */ = {
			isa = PBXFileSystemSynchronizedBuildFileExceptionSet;
			membershipExceptions = (
				Info.plist,
			);
			target = 888DB3DE2F65CE540061AFE3 /* VoiceSplitr */;
		};
/* End PBXFileSystemSynchronizedBuildFileExceptionSet section */

/* Begin PBXFileSystemSynchronizedRootGroup section */
		888DB3E12F65CE540061AFE3 /* VoiceSplitr */ = {
			isa = PBXFileSystemSynchronizedRootGroup;
			exceptions = (
				888DB4402F65D3F70061AFE3 /* Exceptions for "VoiceSplitr" folder in "VoiceSplitr" target */,
			);
			path = VoiceSplitr;
			sourceTree = "<group>";
		};
		888DB3F12F65CE550061AFE3 /* VoiceSplitrTests */ = {
			isa = PBXFileSystemSynchronizedRootGroup;
			path = VoiceSplitrTests;
			sourceTree = "<group>";
		};
		888DB3FB2F65CE550061AFE3 /* VoiceSplitrUITests */ = {
			isa = PBXFileSystemSynchronizedRootGroup;
			path = VoiceSplitrUITests;
			sourceTree = "<group>";
		};
/* End PBXFileSystemSynchronizedRootGroup section */

/* Begin PBXFrameworksBuildPhase section */
		888DB3DC2F65CE540061AFE3 /* Frameworks */ = {
			isa = PBXFrameworksBuildPhase;
			buildActionMask = 2147483647;
			files = (
			);
			runOnlyForDeploymentPostprocessing = 0;
		};
		888DB3EB2F65CE550061AFE3 /* Frameworks */ = {
			isa = PBXFrameworksBuildPhase;
			buildActionMask = 2147483647;
			files = (
			);
			runOnlyForDeploymentPostprocessing = 0;
		};
		888DB3F52F65CE550061AFE3 /* Frameworks */ = {
			isa = PBXFrameworksBuildPhase;
			buildActionMask = 2147483647;
			files = (
			);
			runOnlyForDeploymentPostprocessing = 0;
		};
/* End PBXFrameworksBuildPhase section */

/* Begin PBXGroup section */
		888DB3D62F65CE540061AFE3 = {
			isa = PBXGroup;
			children = (
				888DB3E12F65CE540061AFE3 /* VoiceSplitr */,
				888DB3F12F65CE550061AFE3 /* VoiceSplitrTests */,
				888DB3FB2F65CE550061AFE3 /* VoiceSplitrUITests */,
				888DB3E02F65CE540061AFE3 /* Products */,
			);
			sourceTree = "<group>";
		};
		888DB3E02F65CE540061AFE3 /* Products */ = {
			isa = PBXGroup;
			children = (
				888DB3DF2F65CE540061AFE3 /* VoiceSplitr.app */,
				888DB3EE2F65CE550061AFE3 /* VoiceSplitrTests.xctest */,
				888DB3F82F65CE550061AFE3 /* VoiceSplitrUITests.xctest */,
			);
			name = Products;
			sourceTree = "<group>";
		};
/* End PBXGroup section */

/* Begin PBXNativeTarget section */
		888DB3DE2F65CE540061AFE3 /* VoiceSplitr */ = {
			isa = PBXNativeTarget;
			buildConfigurationList = 888DB4022F65CE550061AFE3 /* Build configuration list for PBXNativeTarget "VoiceSplitr" */;
			buildPhases = (
				888DB3DB2F65CE540061AFE3 /* Sources */,
				888DB3DC2F65CE540061AFE3 /* Frameworks */,
				888DB3DD2F65CE540061AFE3 /* Resources */,
			);
			buildRules = (
			);
			dependencies = (
			);
			fileSystemSynchronizedGroups = (
				888DB3E12F65CE540061AFE3 /* VoiceSplitr */,
			);
			name = VoiceSplitr;
			packageProductDependencies = (
			);
			productName = VoiceSplitr;
			productReference = 888DB3DF2F65CE540061AFE3 /* VoiceSplitr.app */;
			productType = "com.apple.product-type.application";
		};
		888DB3ED2F65CE550061AFE3 /* VoiceSplitrTests */ = {
			isa = PBXNativeTarget;
			buildConfigurationList = 888DB4052F65CE550061AFE3 /* Build configuration list for PBXNativeTarget "VoiceSplitrTests" */;
			buildPhases = (
				888DB3EA2F65CE550061AFE3 /* Sources */,
				888DB3EB2F65CE550061AFE3 /* Frameworks */,
				888DB3EC2F65CE550061AFE3 /* Resources */,
			);
			buildRules = (
			);
			dependencies = (
				888DB3F02F65CE550061AFE3 /* PBXTargetDependency */,
			);
			fileSystemSynchronizedGroups = (
				888DB3F12F65CE550061AFE3 /* VoiceSplitrTests */,
			);
			name = VoiceSplitrTests;
			packageProductDependencies = (
			);
			productName = VoiceSplitrTests;
			productReference = 888DB3EE2F65CE550061AFE3 /* VoiceSplitrTests.xctest */;
			productType = "com.apple.product-type.bundle.unit-test";
		};
		888DB3F72F65CE550061AFE3 /* VoiceSplitrUITests */ = {
			isa = PBXNativeTarget;
			buildConfigurationList = 888DB4082F65CE550061AFE3 /* Build configuration list for PBXNativeTarget "VoiceSplitrUITests" */;
			buildPhases = (
				888DB3F42F65CE550061AFE3 /* Sources */,
				888DB3F52F65CE550061AFE3 /* Frameworks */,
				888DB3F62F65CE550061AFE3 /* Resources */,
			);
			buildRules = (
			);
			dependencies = (
				888DB3FA2F65CE550061AFE3 /* PBXTargetDependency */,
			);
			fileSystemSynchronizedGroups = (
				888DB3FB2F65CE550061AFE3 /* VoiceSplitrUITests */,
			);
			name = VoiceSplitrUITests;
			packageProductDependencies = (
			);
			productName = VoiceSplitrUITests;
			productReference = 888DB3F82F65CE550061AFE3 /* VoiceSplitrUITests.xctest */;
			productType = "com.apple.product-type.bundle.ui-testing";
		};
/* End PBXNativeTarget section */

/* Begin PBXProject section */
		888DB3D72F65CE540061AFE3 /* Project object */ = {
			isa = PBXProject;
			attributes = {
				BuildIndependentTargetsInParallel = 1;
				LastSwiftUpdateCheck = 2610;
				LastUpgradeCheck = 2610;
				TargetAttributes = {
					888DB3DE2F65CE540061AFE3 = {
						CreatedOnToolsVersion = 26.1.1;
					};
					888DB3ED2F65CE550061AFE3 = {
						CreatedOnToolsVersion = 26.1.1;
						TestTargetID = 888DB3DE2F65CE540061AFE3;
					};
					888DB3F72F65CE550061AFE3 = {
						CreatedOnToolsVersion = 26.1.1;
						TestTargetID = 888DB3DE2F65CE540061AFE3;
					};
				};
			};
			buildConfigurationList = 888DB3DA2F65CE540061AFE3 /* Build configuration list for PBXProject "VoiceSplitr" */;
			developmentRegion = en;
			hasScannedForEncodings = 0;
			knownRegions = (
				en,
				Base,
			);
			mainGroup = 888DB3D62F65CE540061AFE3;
			minimizedProjectReferenceProxies = 1;
			preferredProjectObjectVersion = 77;
			productRefGroup = 888DB3E02F65CE540061AFE3 /* Products */;
			projectDirPath = "";
			projectRoot = "";
			targets = (
				888DB3DE2F65CE540061AFE3 /* VoiceSplitr */,
				888DB3ED2F65CE550061AFE3 /* VoiceSplitrTests */,
				888DB3F72F65CE550061AFE3 /* VoiceSplitrUITests */,
			);
		};
/* End PBXProject section */

/* Begin PBXResourcesBuildPhase section */
		888DB3DD2F65CE540061AFE3 /* Resources */ = {
			isa = PBXResourcesBuildPhase;
			buildActionMask = 2147483647;
			files = (
			);
			runOnlyForDeploymentPostprocessing = 0;
		};
		888DB3EC2F65CE550061AFE3 /* Resources */ = {
			isa = PBXResourcesBuildPhase;
			buildActionMask = 2147483647;
			files = (
			);
			runOnlyForDeploymentPostprocessing = 0;
		};
		888DB3F62F65CE550061AFE3 /* Resources */ = {
			isa = PBXResourcesBuildPhase;
			buildActionMask = 2147483647;
			files = (
			);
			runOnlyForDeploymentPostprocessing = 0;
		};
/* End PBXResourcesBuildPhase section */

/* Begin PBXSourcesBuildPhase section */
		888DB3DB2F65CE540061AFE3 /* Sources */ = {
			isa = PBXSourcesBuildPhase;
			buildActionMask = 2147483647;
			files = (
			);
			runOnlyForDeploymentPostprocessing = 0;
		};
		888DB3EA2F65CE550061AFE3 /* Sources */ = {
			isa = PBXSourcesBuildPhase;
			buildActionMask = 2147483647;
			files = (
			);
			runOnlyForDeploymentPostprocessing = 0;
		};
		888DB3F42F65CE550061AFE3 /* Sources */ = {
			isa = PBXSourcesBuildPhase;
			buildActionMask = 2147483647;
			files = (
			);
			runOnlyForDeploymentPostprocessing = 0;
		};
/* End PBXSourcesBuildPhase section */

/* Begin PBXTargetDependency section */
		888DB3F02F65CE550061AFE3 /* PBXTargetDependency */ = {
			isa = PBXTargetDependency;
			target = 888DB3DE2F65CE540061AFE3 /* VoiceSplitr */;
			targetProxy = 888DB3EF2F65CE550061AFE3 /* PBXContainerItemProxy */;
		};
		888DB3FA2F65CE550061AFE3 /* PBXTargetDependency */ = {
			isa = PBXTargetDependency;
			target = 888DB3DE2F65CE540061AFE3 /* VoiceSplitr */;
			targetProxy = 888DB3F92F65CE550061AFE3 /* PBXContainerItemProxy */;
		};
/* End PBXTargetDependency section */

/* Begin XCBuildConfiguration section */
		888DB4002F65CE550061AFE3 /* Debug */ = {
			isa = XCBuildConfiguration;
			buildSettings = {
				ALWAYS_SEARCH_USER_PATHS = NO;
				ASSETCATALOG_COMPILER_GENERATE_SWIFT_ASSET_SYMBOL_EXTENSIONS = YES;
				CLANG_ANALYZER_NONNULL = YES;
				CLANG_ANALYZER_NUMBER_OBJECT_CONVERSION = YES_AGGRESSIVE;
				CLANG_CXX_LANGUAGE_STANDARD = "gnu++20";
				CLANG_ENABLE_MODULES = YES;
				CLANG_ENABLE_OBJC_ARC = YES;
				CLANG_ENABLE_OBJC_WEAK = YES;
				CLANG_WARN_BLOCK_CAPTURE_AUTORELEASING = YES;
				CLANG_WARN_BOOL_CONVERSION = YES;
				CLANG_WARN_COMMA = YES;
				CLANG_WARN_CONSTANT_CONVERSION = YES;
				CLANG_WARN_DEPRECATED_OBJC_IMPLEMENTATIONS = YES;
				CLANG_WARN_DIRECT_OBJC_ISA_USAGE = YES_ERROR;
				CLANG_WARN_DOCUMENTATION_COMMENTS = YES;
				CLANG_WARN_EMPTY_BODY = YES;
				CLANG_WARN_ENUM_CONVERSION = YES;
				CLANG_WARN_INFINITE_RECURSION = YES;
				CLANG_WARN_INT_CONVERSION = YES;
				CLANG_WARN_NON_LITERAL_NULL_CONVERSION = YES;
				CLANG_WARN_OBJC_IMPLICIT_RETAIN_SELF = YES;
				CLANG_WARN_OBJC_LITERAL_CONVERSION = YES;
				CLANG_WARN_OBJC_ROOT_CLASS = YES_ERROR;
				CLANG_WARN_QUOTED_INCLUDE_IN_FRAMEWORK_HEADER = YES;
				CLANG_WARN_RANGE_LOOP_ANALYSIS = YES;
				CLANG_WARN_STRICT_PROTOTYPES = YES;
				CLANG_WARN_SUSPICIOUS_MOVE = YES;
				CLANG_WARN_UNGUARDED_AVAILABILITY = YES_AGGRESSIVE;
				CLANG_WARN_UNREACHABLE_CODE = YES;
				CLANG_WARN__DUPLICATE_METHOD_MATCH = YES;
				COPY_PHASE_STRIP = NO;
				DEBUG_INFORMATION_FORMAT = dwarf;
				DEVELOPMENT_TEAM = 96N46HT93Z;
				ENABLE_STRICT_OBJC_MSGSEND = YES;
				ENABLE_TESTABILITY = YES;
				ENABLE_USER_SCRIPT_SANDBOXING = YES;
				GCC_C_LANGUAGE_STANDARD = gnu17;
				GCC_DYNAMIC_NO_PIC = NO;
				GCC_NO_COMMON_BLOCKS = YES;
				GCC_OPTIMIZATION_LEVEL = 0;
				GCC_PREPROCESSOR_DEFINITIONS = (
					"DEBUG=1",
					"$(inherited)",
				);
				GCC_WARN_64_TO_32_BIT_CONVERSION = YES;
				GCC_WARN_ABOUT_RETURN_TYPE = YES_ERROR;
				GCC_WARN_UNDECLARED_SELECTOR = YES;
				GCC_WARN_UNINITIALIZED_AUTOS = YES_AGGRESSIVE;
				GCC_WARN_UNUSED_FUNCTION = YES;
				GCC_WARN_UNUSED_VARIABLE = YES;
				IPHONEOS_DEPLOYMENT_TARGET = 26.1;
				LOCALIZATION_PREFERS_STRING_CATALOGS = YES;
				MTL_ENABLE_DEBUG_INFO = INCLUDE_SOURCE;
				MTL_FAST_MATH = YES;
				ONLY_ACTIVE_ARCH = YES;
				SDKROOT = iphoneos;
				SWIFT_ACTIVE_COMPILATION_CONDITIONS = "DEBUG $(inherited)";
				SWIFT_OPTIMIZATION_LEVEL = "-Onone";
			};
			name = Debug;
		};
		888DB4012F65CE550061AFE3 /* Release */ = {
			isa = XCBuildConfiguration;
			buildSettings = {
				ALWAYS_SEARCH_USER_PATHS = NO;
				ASSETCATALOG_COMPILER_GENERATE_SWIFT_ASSET_SYMBOL_EXTENSIONS = YES;
				CLANG_ANALYZER_NONNULL = YES;
				CLANG_ANALYZER_NUMBER_OBJECT_CONVERSION = YES_AGGRESSIVE;
				CLANG_CXX_LANGUAGE_STANDARD = "gnu++20";
				CLANG_ENABLE_MODULES = YES;
				CLANG_ENABLE_OBJC_ARC = YES;
				CLANG_ENABLE_OBJC_WEAK = YES;
				CLANG_WARN_BLOCK_CAPTURE_AUTORELEASING = YES;
				CLANG_WARN_BOOL_CONVERSION = YES;
				CLANG_WARN_COMMA = YES;
				CLANG_WARN_CONSTANT_CONVERSION = YES;
				CLANG_WARN_DEPRECATED_OBJC_IMPLEMENTATIONS = YES;
				CLANG_WARN_DIRECT_OBJC_ISA_USAGE = YES_ERROR;
				CLANG_WARN_DOCUMENTATION_COMMENTS = YES;
				CLANG_WARN_EMPTY_BODY = YES;
				CLANG_WARN_ENUM_CONVERSION = YES;
				CLANG_WARN_INFINITE_RECURSION = YES;
				CLANG_WARN_INT_CONVERSION = YES;
				CLANG_WARN_NON_LITERAL_NULL_CONVERSION = YES;
				CLANG_WARN_OBJC_IMPLICIT_RETAIN_SELF = YES;
				CLANG_WARN_OBJC_LITERAL_CONVERSION = YES;
				CLANG_WARN_OBJC_ROOT_CLASS = YES_ERROR;
				CLANG_WARN_QUOTED_INCLUDE_IN_FRAMEWORK_HEADER = YES;
				CLANG_WARN_RANGE_LOOP_ANALYSIS = YES;
				CLANG_WARN_STRICT_PROTOTYPES = YES;
				CLANG_WARN_SUSPICIOUS_MOVE = YES;
				CLANG_WARN_UNGUARDED_AVAILABILITY = YES_AGGRESSIVE;
				CLANG_WARN_UNREACHABLE_CODE = YES;
				CLANG_WARN__DUPLICATE_METHOD_MATCH = YES;
				COPY_PHASE_STRIP = NO;
				DEBUG_INFORMATION_FORMAT = "dwarf-with-dsym";
				DEVELOPMENT_TEAM = 96N46HT93Z;
				ENABLE_NS_ASSERTIONS = NO;
				ENABLE_STRICT_OBJC_MSGSEND = YES;
				ENABLE_USER_SCRIPT_SANDBOXING = YES;
				GCC_C_LANGUAGE_STANDARD = gnu17;
				GCC_NO_COMMON_BLOCKS = YES;
				GCC_WARN_64_TO_32_BIT_CONVERSION = YES;
				GCC_WARN_ABOUT_RETURN_TYPE = YES_ERROR;
				GCC_WARN_UNDECLARED_SELECTOR = YES;
				GCC_WARN_UNINITIALIZED_AUTOS = YES_AGGRESSIVE;
				GCC_WARN_UNUSED_FUNCTION = YES;
				GCC_WARN_UNUSED_VARIABLE = YES;
				IPHONEOS_DEPLOYMENT_TARGET = 26.1;
				LOCALIZATION_PREFERS_STRING_CATALOGS = YES;
				MTL_ENABLE_DEBUG_INFO = NO;
				MTL_FAST_MATH = YES;
				SDKROOT = iphoneos;
				SWIFT_COMPILATION_MODE = wholemodule;
				VALIDATE_PRODUCT = YES;
			};
			name = Release;
		};
		888DB4032F65CE550061AFE3 /* Debug */ = {
			isa = XCBuildConfiguration;
			buildSettings = {
				ASSETCATALOG_COMPILER_APPICON_NAME = AppIcon;
				ASSETCATALOG_COMPILER_GLOBAL_ACCENT_COLOR_NAME = AccentColor;
				CODE_SIGN_STYLE = Automatic;
				CURRENT_PROJECT_VERSION = 1;
				DEVELOPMENT_TEAM = 96N46HT93Z;
				ENABLE_PREVIEWS = YES;
				GENERATE_INFOPLIST_FILE = YES;
				INFOPLIST_FILE = VoiceSplitr/Info.plist;
				INFOPLIST_KEY_NSCameraUsageDescription = "VoiceSplitr needs camera access to photograph receipts\nVoiceSplitr needs camera access to photograph receipts\n";
				INFOPLIST_KEY_NSMicrophoneUsageDescription = "VoiceSplitr needs microphone access for voice input\n";
				INFOPLIST_KEY_NSPhotoLibraryUsageDescription = "VoiceSplitr needs photo library access to select receipt images\n";
				INFOPLIST_KEY_NSSpeechRecognitionUsageDescription = "VoiceSplitr uses speech recognition to understand who ordered what\n";
				INFOPLIST_KEY_UIApplicationSceneManifest_Generation = YES;
				INFOPLIST_KEY_UIApplicationSupportsIndirectInputEvents = YES;
				INFOPLIST_KEY_UILaunchScreen_Generation = YES;
				INFOPLIST_KEY_UISupportedInterfaceOrientations_iPad = "UIInterfaceOrientationPortrait UIInterfaceOrientationPortraitUpsideDown UIInterfaceOrientationLandscapeLeft UIInterfaceOrientationLandscapeRight";
				INFOPLIST_KEY_UISupportedInterfaceOrientations_iPhone = "UIInterfaceOrientationPortrait UIInterfaceOrientationLandscapeLeft UIInterfaceOrientationLandscapeRight";
				LD_RUNPATH_SEARCH_PATHS = (
					"$(inherited)",
					"@executable_path/Frameworks",
				);
				MARKETING_VERSION = 1.1;
				PRODUCT_BUNDLE_IDENTIFIER = wanyekitech.VoiceSplitr;
				PRODUCT_NAME = "$(TARGET_NAME)";
				STRING_CATALOG_GENERATE_SYMBOLS = YES;
				SWIFT_APPROACHABLE_CONCURRENCY = YES;
				SWIFT_DEFAULT_ACTOR_ISOLATION = MainActor;
				SWIFT_EMIT_LOC_STRINGS = YES;
				SWIFT_UPCOMING_FEATURE_MEMBER_IMPORT_VISIBILITY = YES;
				SWIFT_VERSION = 5.0;
				TARGETED_DEVICE_FAMILY = "1,2";
			};
			name = Debug;
		};
		888DB4042F65CE550061AFE3 /* Release */ = {
			isa = XCBuildConfiguration;
			buildSettings = {
				ASSETCATALOG_COMPILER_APPICON_NAME = AppIcon;
				ASSETCATALOG_COMPILER_GLOBAL_ACCENT_COLOR_NAME = AccentColor;
				CODE_SIGN_STYLE = Automatic;
				CURRENT_PROJECT_VERSION = 1;
				DEVELOPMENT_TEAM = 96N46HT93Z;
				ENABLE_PREVIEWS = YES;
				GENERATE_INFOPLIST_FILE = YES;
				INFOPLIST_FILE = VoiceSplitr/Info.plist;
				INFOPLIST_KEY_NSCameraUsageDescription = "VoiceSplitr needs camera access to photograph receipts\nVoiceSplitr needs camera access to photograph receipts\n";
				INFOPLIST_KEY_NSMicrophoneUsageDescription = "VoiceSplitr needs microphone access for voice input\n";
				INFOPLIST_KEY_NSPhotoLibraryUsageDescription = "VoiceSplitr needs photo library access to select receipt images\n";
				INFOPLIST_KEY_NSSpeechRecognitionUsageDescription = "VoiceSplitr uses speech recognition to understand who ordered what\n";
				INFOPLIST_KEY_UIApplicationSceneManifest_Generation = YES;
				INFOPLIST_KEY_UIApplicationSupportsIndirectInputEvents = YES;
				INFOPLIST_KEY_UILaunchScreen_Generation = YES;
				INFOPLIST_KEY_UISupportedInterfaceOrientations_iPad = "UIInterfaceOrientationPortrait UIInterfaceOrientationPortraitUpsideDown UIInterfaceOrientationLandscapeLeft UIInterfaceOrientationLandscapeRight";
				INFOPLIST_KEY_UISupportedInterfaceOrientations_iPhone = "UIInterfaceOrientationPortrait UIInterfaceOrientationLandscapeLeft UIInterfaceOrientationLandscapeRight";
				LD_RUNPATH_SEARCH_PATHS = (
					"$(inherited)",
					"@executable_path/Frameworks",
				);
				MARKETING_VERSION = 1.1;
				PRODUCT_BUNDLE_IDENTIFIER = wanyekitech.VoiceSplitr;
				PRODUCT_NAME = "$(TARGET_NAME)";
				STRING_CATALOG_GENERATE_SYMBOLS = YES;
				SWIFT_APPROACHABLE_CONCURRENCY = YES;
				SWIFT_DEFAULT_ACTOR_ISOLATION = MainActor;
				SWIFT_EMIT_LOC_STRINGS = YES;
				SWIFT_UPCOMING_FEATURE_MEMBER_IMPORT_VISIBILITY = YES;
				SWIFT_VERSION = 5.0;
				TARGETED_DEVICE_FAMILY = "1,2";
			};
			name = Release;
		};
		888DB4062F65CE550061AFE3 /* Debug */ = {
			isa = XCBuildConfiguration;
			buildSettings = {
				BUNDLE_LOADER = "$(TEST_HOST)";
				CODE_SIGN_STYLE = Automatic;
				CURRENT_PROJECT_VERSION = 1;
				DEVELOPMENT_TEAM = 96N46HT93Z;
				GENERATE_INFOPLIST_FILE = YES;
				IPHONEOS_DEPLOYMENT_TARGET = 26.1;
				MARKETING_VERSION = 1.0;
				PRODUCT_BUNDLE_IDENTIFIER = wanyekitech.VoiceSplitrTests;
				PRODUCT_NAME = "$(TARGET_NAME)";
				STRING_CATALOG_GENERATE_SYMBOLS = NO;
				SWIFT_APPROACHABLE_CONCURRENCY = YES;
				SWIFT_EMIT_LOC_STRINGS = NO;
				SWIFT_UPCOMING_FEATURE_MEMBER_IMPORT_VISIBILITY = YES;
				SWIFT_VERSION = 5.0;
				TARGETED_DEVICE_FAMILY = "1,2";
				TEST_HOST = "$(BUILT_PRODUCTS_DIR)/VoiceSplitr.app/$(BUNDLE_EXECUTABLE_FOLDER_PATH)/VoiceSplitr";
			};
			name = Debug;
		};
		888DB4072F65CE550061AFE3 /* Release */ = {
			isa = XCBuildConfiguration;
			buildSettings = {
				BUNDLE_LOADER = "$(TEST_HOST)";
				CODE_SIGN_STYLE = Automatic;
				CURRENT_PROJECT_VERSION = 1;
				DEVELOPMENT_TEAM = 96N46HT93Z;
				GENERATE_INFOPLIST_FILE = YES;
				IPHONEOS_DEPLOYMENT_TARGET = 26.1;
				MARKETING_VERSION = 1.0;
				PRODUCT_BUNDLE_IDENTIFIER = wanyekitech.VoiceSplitrTests;
				PRODUCT_NAME = "$(TARGET_NAME)";
				STRING_CATALOG_GENERATE_SYMBOLS = NO;
				SWIFT_APPROACHABLE_CONCURRENCY = YES;
				SWIFT_EMIT_LOC_STRINGS = NO;
				SWIFT_UPCOMING_FEATURE_MEMBER_IMPORT_VISIBILITY = YES;
				SWIFT_VERSION = 5.0;
				TARGETED_DEVICE_FAMILY = "1,2";
				TEST_HOST = "$(BUILT_PRODUCTS_DIR)/VoiceSplitr.app/$(BUNDLE_EXECUTABLE_FOLDER_PATH)/VoiceSplitr";
			};
			name = Release;
		};
		888DB4092F65CE550061AFE3 /* Debug */ = {
			isa = XCBuildConfiguration;
			buildSettings = {
				CODE_SIGN_STYLE = Automatic;
				CURRENT_PROJECT_VERSION = 1;
				DEVELOPMENT_TEAM = 96N46HT93Z;
				GENERATE_INFOPLIST_FILE = YES;
				MARKETING_VERSION = 1.0;
				PRODUCT_BUNDLE_IDENTIFIER = wanyekitech.VoiceSplitrUITests;
				PRODUCT_NAME = "$(TARGET_NAME)";
				STRING_CATALOG_GENERATE_SYMBOLS = NO;
				SWIFT_APPROACHABLE_CONCURRENCY = YES;
				SWIFT_EMIT_LOC_STRINGS = NO;
				SWIFT_UPCOMING_FEATURE_MEMBER_IMPORT_VISIBILITY = YES;
				SWIFT_VERSION = 5.0;
				TARGETED_DEVICE_FAMILY = "1,2";
				TEST_TARGET_NAME = VoiceSplitr;
			};
			name = Debug;
		};
		888DB40A2F65CE550061AFE3 /* Release */ = {
			isa = XCBuildConfiguration;
			buildSettings = {
				CODE_SIGN_STYLE = Automatic;
				CURRENT_PROJECT_VERSION = 1;
				DEVELOPMENT_TEAM = 96N46HT93Z;
				GENERATE_INFOPLIST_FILE = YES;
				MARKETING_VERSION = 1.0;
				PRODUCT_BUNDLE_IDENTIFIER = wanyekitech.VoiceSplitrUITests;
				PRODUCT_NAME = "$(TARGET_NAME)";
				STRING_CATALOG_GENERATE_SYMBOLS = NO;
				SWIFT_APPROACHABLE_CONCURRENCY = YES;
				SWIFT_EMIT_LOC_STRINGS = NO;
				SWIFT_UPCOMING_FEATURE_MEMBER_IMPORT_VISIBILITY = YES;
				SWIFT_VERSION = 5.0;
				TARGETED_DEVICE_FAMILY = "1,2";
				TEST_TARGET_NAME = VoiceSplitr;
			};
			name = Release;
		};
/* End XCBuildConfiguration section */

/* Begin XCConfigurationList section */
		888DB3DA2F65CE540061AFE3 /* Build configuration list for PBXProject "VoiceSplitr" */ = {
			isa = XCConfigurationList;
			buildConfigurations = (
				888DB4002F65CE550061AFE3 /* Debug */,
				888DB4012F65CE550061AFE3 /* Release */,
			);
			defaultConfigurationIsVisible = 0;
			defaultConfigurationName = Release;
		};
		888DB4022F65CE550061AFE3 /* Build configuration list for PBXNativeTarget "VoiceSplitr" */ = {
			isa = XCConfigurationList;
			buildConfigurations = (
				888DB4032F65CE550061AFE3 /* Debug */,
				888DB4042F65CE550061AFE3 /* Release */,
			);
			defaultConfigurationIsVisible = 0;
			defaultConfigurationName = Release;
		};
		888DB4052F65CE550061AFE3 /* Build configuration list for PBXNativeTarget "VoiceSplitrTests" */ = {
			isa = XCConfigurationList;
			buildConfigurations = (
				888DB4062F65CE550061AFE3 /* Debug */,
				888DB4072F65CE550061AFE3 /* Release */,
			);
			defaultConfigurationIsVisible = 0;
			defaultConfigurationName = Release;
		};
		888DB4082F65CE550061AFE3 /* Build configuration list for PBXNativeTarget "VoiceSplitrUITests" */ = {
			isa = XCConfigurationList;
			buildConfigurations = (
				888DB4092F65CE550061AFE3 /* Debug */,
				888DB40A2F65CE550061AFE3 /* Release */,
			);
			defaultConfigurationIsVisible = 0;
			defaultConfigurationName = Release;
		};
/* End XCConfigurationList section */
	};
	rootObject = 888DB3D72F65CE540061AFE3 /* Project object */;
}
